
Microsoft Visual Studio Solution File, Format Version 12.00
# Visual Studio 15
VisualStudioVersion = 15.0.27004.2005
MinimumVisualStudioVersion = 10.0.40219.1
Project("{9A19103F-16F7-4668-BE54-9A1E7A4F7556}") = "FortnoxAPILibrary", "FortnoxAPILibrary\FortnoxAPILibrary.csproj", "{B9BB428A-9BE8-4E2C-A674-CD3DDB3B18F7}"
EndProject
Project("{FAE04EC0-301F-11D3-BF4B-00C04F79EFBC}") = "FortnoxAPILibrary.Tests", "FortnoxAPILibrary.Tests\FortnoxAPILibrary.Tests.csproj", "{220E0C60-2EDD-46C8-BF30-CB8D9EC75DD7}"
EndProject
Global
	GlobalSection(SolutionConfigurationPlatforms) = preSolution
		Debug|Any CPU = Debug|Any CPU
		Debug|Mixed Platforms = Debug|Mixed Platforms
		Debug|x86 = Debug|x86
		Release|Any CPU = Release|Any CPU
		Release|Mixed Platforms = Release|Mixed Platforms
		Release|x86 = Release|x86
	EndGlobalSection
	GlobalSection(ProjectConfigurationPlatforms) = postSolution
		{B9BB428A-9BE8-4E2C-A674-CD3DDB3B18F7}.Debug|Any CPU.ActiveCfg = Debug|Any CPU
		{B9BB428A-9BE8-4E2C-A674-CD3DDB3B18F7}.Debug|Any CPU.Build.0 = Debug|Any CPU
		{B9BB428A-9BE8-4E2C-A674-CD3DDB3B18F7}.Debug|Mixed Platforms.ActiveCfg = Debug|Any CPU
		{B9BB428A-9BE8-4E2C-A674-CD3DDB3B18F7}.Debug|Mixed Platforms.Build.0 = Debug|Any CPU
		{B9BB428A-9BE8-4E2C-A674-CD3DDB3B18F7}.Debug|x86.ActiveCfg = Debug|Any CPU
		{B9BB428A-9BE8-4E2C-A674-CD3DDB3B18F7}.Release|Any CPU.ActiveCfg = Release|Any CPU
		{B9BB428A-9BE8-4E2C-A674-CD3DDB3B18F7}.Release|Any CPU.Build.0 = Release|Any CPU
		{B9BB428A-9BE8-4E2C-A674-CD3DDB3B18F7}.Release|Mixed Platforms.ActiveCfg = Release|Any CPU
		{B9BB428A-9BE8-4E2C-A674-CD3DDB3B18F7}.Release|Mixed Platforms.Build.0 = Release|Any CPU
		{B9BB428A-9BE8-4E2C-A674-CD3DDB3B18F7}.Release|x86.ActiveCfg = Release|Any CPU
		{220E0C60-2EDD-46C8-BF30-CB8D9EC75DD7}.Debug|Any CPU.ActiveCfg = Debug|Any CPU
		{220E0C60-2EDD-46C8-BF30-CB8D9EC75DD7}.Debug|Any CPU.Build.0 = Debug|Any CPU
		{220E0C60-2EDD-46C8-BF30-CB8D9EC75DD7}.Debug|Mixed Platforms.ActiveCfg = Debug|Any CPU
		{220E0C60-2EDD-46C8-BF30-CB8D9EC75DD7}.Debug|Mixed Platforms.Build.0 = Debug|Any CPU
		{220E0C60-2EDD-46C8-BF30-CB8D9EC75DD7}.Debug|x86.ActiveCfg = Debug|Any CPU
		{220E0C60-2EDD-46C8-BF30-CB8D9EC75DD7}.Debug|x86.Build.0 = Debug|Any CPU
		{220E0C60-2EDD-46C8-BF30-CB8D9EC75DD7}.Release|Any CPU.ActiveCfg = Release|Any CPU
		{220E0C60-2EDD-46C8-BF30-CB8D9EC75DD7}.Release|Any CPU.Build.0 = Release|Any CPU
		{220E0C60-2EDD-46C8-BF30-CB8D9EC75DD7}.Release|Mixed Platforms.ActiveCfg = Release|Any CPU
		{220E0C60-2EDD-46C8-BF30-CB8D9EC75DD7}.Release|Mixed Platforms.Build.0 = Release|Any CPU
		{220E0C60-2EDD-46C8-BF30-CB8D9EC75DD7}.Release|x86.ActiveCfg = Release|Any CPU
		{220E0C60-2EDD-46C8-BF30-CB8D9EC75DD7}.Release|x86.Build.0 = Release|Any CPU
	EndGlobalSection
	GlobalSection(SolutionProperties) = preSolution
		HideSolutionNode = FALSE
	EndGlobalSection
	GlobalSection(ExtensibilityGlobals) = postSolution
		SolutionGuid = {250E4CB1-761C-4977-90AD-2F4C4B714960}
	EndGlobalSection
EndGlobal
